
Microsoft Visual Studio Solution File, Format Version 12.00
# Visual Studio 15
VisualStudioVersion = 15.0.26730.15
MinimumVisualStudioVersion = 10.0.40219.1
Project("{8BC9CEB8-8B4A-11D0-8D11-00A0C91BC942}") = "kkk2", "kkk2\kkk2.vcxproj", "{637EE9FA-4F54-4374-A69D-4E437F7351BB}"
EndProject
Global
	GlobalSection(SolutionConfigurationPlatforms) = preSolution
		Debug|x64 = Debug|x64
		Debug|x86 = Debug|x86
		Release|x64 = Release|x64
		Release|x86 = Release|x86
	EndGlobalSection
	GlobalSection(ProjectConfigurationPlatforms) = postSolution
		{637EE9FA-4F54-4374-A69D-4E437F7351BB}.Debug|x64.ActiveCfg = Debug|x64
		{637EE9FA-4F54-4374-A69D-4E437F7351BB}.Debug|x64.Build.0 = Debug|x64
		{637EE9FA-4F54-4374-A69D-4E437F7351BB}.Debug|x86.ActiveCfg = Debug|Win32
		{637EE9FA-4F54-4374-A69D-4E437F7351BB}.Debug|x86.Build.0 = Debug|Win32
		{637EE9FA-4F54-4374-A69D-4E437F7351BB}.Release|x64.ActiveCfg = Release|x64
		{637EE9FA-4F54-4374-A69D-4E437F7351BB}.Release|x64.Build.0 = Release|x64
		{637EE9FA-4F54-4374-A69D-4E437F7351BB}.Release|x86.ActiveCfg = Release|Win32
		{637EE9FA-4F54-4374-A69D-4E437F7351BB}.Release|x86.Build.0 = Release|Win32
	EndGlobalSection
	GlobalSection(SolutionProperties) = preSolution
		HideSolutionNode = FALSE
	EndGlobalSection
	GlobalSection(ExtensibilityGlobals) = postSolution
		SolutionGuid = {E9DB1284-8EE9-44E4-9314-88E25258956E}
	EndGlobalSection
EndGlobal
